{
  "name": "@gregoriusrippenstein/node-red-contrib-neuralnet-builder",
  "version": "0.0.3",
  "lockfileVersion": 2,
  "requires": true,
  "packages": {
    "": {
      "name": "@gregoriusrippenstein/node-red-contrib-neuralnet-builder",
      "version": "0.0.3",
      "license": "SEE LICENSE IN https://github.com/gorenje/node-red-contrib-neuralnet-builder#LICENSE",
      "engines": {
        "node": ">=16"
      }
    }
  }
}
